# This file is generated by running "yarn install" inside your project.
# Manual changes might be lost - proceed with caution!

__metadata:
  version: 6
  cacheKey: 8

"buildkite-emojis@workspace:.":
  version: 0.0.0-use.local
  resolution: "buildkite-emojis@workspace:."
  dependencies:
    emoji-datasource-apple: ^15.0.1
  languageName: unknown
  linkType: soft

"emoji-datasource-apple@npm:^15.0.1":
  version: 15.0.1
  resolution: "emoji-datasource-apple@npm:15.0.1"
  checksum: 872a4a62939c08ad8d81feb24d0a44a342acb0440e7531fdd7a8f16d7c194afe3106d59722cd9ad20f50e8dc91ae9b719493e0ea4ec025dc4273750be2f0d3bf
  languageName: node
  linkType: hard
