# THIS IS AN AUTOGENERATED FILE. DO NOT EDIT THIS FILE DIRECTLY.
# yarn lockfile v1


emoji-datasource-apple@14.0.0:
  version "14.0.0"
  resolved "https://registry.yarnpkg.com/emoji-datasource-apple/-/emoji-datasource-apple-14.0.0.tgz#ee040d210c07e038eb18f1c64a5a2f03ed977903"
  integrity sha512-92Q53C44DzSqreHVlajEG24O5sFZjY1E9xRLWWyud7+/hW8S2vs4DiHuNuNZ0CLDCmZMQHc95okN9V8Mk6yBRw==
